// !$*UTF8*$!
{
	archiveVersion = 1;
	classes = {
	};
	objectVersion = 55;
	objects = {

/* Begin PBXGroup section */
		E9DEC1D927156E9B00D4EB62 = {
			isa = PBXGroup;
			children = (
			);
			sourceTree = "<group>";
		};
/* End PBXGroup section */

/* Begin PBXProject section */
		E9DEC1DA27156E9B00D4EB62 /* Project object */ = {
			isa = PBXProject;
			attributes = {
				BuildIndependentTargetsInParallel = 1;
				LastUpgradeCheck = 1300;
			};
			buildConfigurationList = E9DEC1DD27156E9B00D4EB62 /* Build configuration list for PBXProject "DSAonSwift" */;
			compatibilityVersion = "Xcode 13.0";
			developmentRegion = en;
			hasScannedForEncodings = 0;
			knownRegions = (
				en,
				Base,
			);
			mainGroup = E9DEC1D927156E9B00D4EB62;
			projectDirPath = "";
			projectRoot = "";
			targets = (
			);
		};
/* End PBXProject section */

/* Begin XCBuildConfiguration section */
		E9DEC1DE27156E9B00D4EB62 /* Debug */ = {
			isa = XCBuildConfiguration;
			buildSettings = {
			};
			name = Debug;
		};
		E9DEC1DF27156E9B00D4EB62 /* Release */ = {
			isa = XCBuildConfiguration;
			buildSettings = {
			};
			name = Release;
		};
/* End XCBuildConfiguration section */

/* Begin XCConfigurationList section */
		E9DEC1DD27156E9B00D4EB62 /* Build configuration list for PBXProject "DSAonSwift" */ = {
			isa = XCConfigurationList;
			buildConfigurations = (
				E9DEC1DE27156E9B00D4EB62 /* Debug */,
				E9DEC1DF27156E9B00D4EB62 /* Release */,
			);
			defaultConfigurationIsVisible = 0;
			defaultConfigurationName = Release;
		};
/* End XCConfigurationList section */
	};
	rootObject = E9DEC1DA27156E9B00D4EB62 /* Project object */;
}
